
Microsoft Visual Studio Solution File, Format Version 12.00
# Visual Studio Version 17
VisualStudioVersion = 17.11.35312.102
MinimumVisualStudioVersion = 10.0.40219.1
Project("{9A19103F-16F7-4668-BE54-9A1E7A4F7556}") = "Catalog.API", "Services\Catalog\Catalog.API\Catalog.API.csproj", "{F2BB6E51-9841-4BB7-82AB-1719E05311F8}"
EndProject
Project("{2150E333-8FDC-42A3-9474-1A3956D46DE8}") = "Services", "Services", "{0D0DA391-3BA0-4120-8723-F595CF05B98D}"
EndProject
Project("{2150E333-8FDC-42A3-9474-1A3956D46DE8}") = "Catalog", "Catalog", "{B1D96379-68AF-4335-BAFA-BCA667EB73B5}"
EndProject
Project("{2150E333-8FDC-42A3-9474-1A3956D46DE8}") = "BuildingBlocks", "BuildingBlocks", "{B2D50A03-BDBC-4110-8871-5CD96BFAFEB4}"
EndProject
Project("{FAE04EC0-301F-11D3-BF4B-00C04F79EFBC}") = "BuildingBlocks", "BuildingBlocks\BuildingBlocks.csproj", "{8831B5C7-B77A-42CC-A212-7413B1C91777}"
EndProject
Global
	GlobalSection(SolutionConfigurationPlatforms) = preSolution
		Debug|Any CPU = Debug|Any CPU
		Release|Any CPU = Release|Any CPU
	EndGlobalSection
	GlobalSection(ProjectConfigurationPlatforms) = postSolution
		{F2BB6E51-9841-4BB7-82AB-1719E05311F8}.Debug|Any CPU.ActiveCfg = Debug|Any CPU
		{F2BB6E51-9841-4BB7-82AB-1719E05311F8}.Debug|Any CPU.Build.0 = Debug|Any CPU
		{F2BB6E51-9841-4BB7-82AB-1719E05311F8}.Release|Any CPU.ActiveCfg = Release|Any CPU
		{F2BB6E51-9841-4BB7-82AB-1719E05311F8}.Release|Any CPU.Build.0 = Release|Any CPU
		{8831B5C7-B77A-42CC-A212-7413B1C91777}.Debug|Any CPU.ActiveCfg = Debug|Any CPU
		{8831B5C7-B77A-42CC-A212-7413B1C91777}.Debug|Any CPU.Build.0 = Debug|Any CPU
		{8831B5C7-B77A-42CC-A212-7413B1C91777}.Release|Any CPU.ActiveCfg = Release|Any CPU
		{8831B5C7-B77A-42CC-A212-7413B1C91777}.Release|Any CPU.Build.0 = Release|Any CPU
	EndGlobalSection
	GlobalSection(SolutionProperties) = preSolution
		HideSolutionNode = FALSE
	EndGlobalSection
	GlobalSection(NestedProjects) = preSolution
		{F2BB6E51-9841-4BB7-82AB-1719E05311F8} = {B1D96379-68AF-4335-BAFA-BCA667EB73B5}
		{B1D96379-68AF-4335-BAFA-BCA667EB73B5} = {0D0DA391-3BA0-4120-8723-F595CF05B98D}
		{8831B5C7-B77A-42CC-A212-7413B1C91777} = {B2D50A03-BDBC-4110-8871-5CD96BFAFEB4}
	EndGlobalSection
	GlobalSection(ExtensibilityGlobals) = postSolution
		SolutionGuid = {E98431A0-2D91-4DA7-BA0D-88C7AB7EE807}
	EndGlobalSection
EndGlobal
